
Microsoft Visual Studio Solution File, Format Version 12.00
# Visual Studio Version 17
VisualStudioVersion = 17.11.35312.102
MinimumVisualStudioVersion = 10.0.40219.1
Project("{FAE04EC0-301F-11D3-BF4B-00C04F79EFBC}") = "DuskersClone", "DuskersClone.csproj", "{4DBCFA7D-783F-40AD-B82E-A3ACAD893D6A}"
EndProject
Global
	GlobalSection(SolutionConfigurationPlatforms) = preSolution
		Debug|Any CPU = Debug|Any CPU
		Release|Any CPU = Release|Any CPU
	EndGlobalSection
	GlobalSection(ProjectConfigurationPlatforms) = postSolution
		{4DBCFA7D-783F-40AD-B82E-A3ACAD893D6A}.Debug|Any CPU.ActiveCfg = Debug|Any CPU
		{4DBCFA7D-783F-40AD-B82E-A3ACAD893D6A}.Debug|Any CPU.Build.0 = Debug|Any CPU
		{4DBCFA7D-783F-40AD-B82E-A3ACAD893D6A}.Release|Any CPU.ActiveCfg = Release|Any CPU
		{4DBCFA7D-783F-40AD-B82E-A3ACAD893D6A}.Release|Any CPU.Build.0 = Release|Any CPU
	EndGlobalSection
	GlobalSection(SolutionProperties) = preSolution
		HideSolutionNode = FALSE
	EndGlobalSection
	GlobalSection(ExtensibilityGlobals) = postSolution
		SolutionGuid = {56B2654C-0E5C-440A-924C-9F549E74AD3E}
	EndGlobalSection
EndGlobal
